
Microsoft Visual Studio Solution File, Format Version 12.00
# Visual Studio Version 17
VisualStudioVersion = 17.6.33829.357
MinimumVisualStudioVersion = 10.0.40219.1
Project("{FAE04EC0-301F-11D3-BF4B-00C04F79EFBC}") = "KitchenScale", "KitchenScale\KitchenScale.csproj", "{7C3C1D63-B030-474F-B473-A14E29B3F81B}"
EndProject
Global
	GlobalSection(SolutionConfigurationPlatforms) = preSolution
		Debug|Any CPU = Debug|Any CPU
		Release|Any CPU = Release|Any CPU
	EndGlobalSection
	GlobalSection(ProjectConfigurationPlatforms) = postSolution
		{7C3C1D63-B030-474F-B473-A14E29B3F81B}.Debug|Any CPU.ActiveCfg = Debug|Any CPU
		{7C3C1D63-B030-474F-B473-A14E29B3F81B}.Debug|Any CPU.Build.0 = Debug|Any CPU
		{7C3C1D63-B030-474F-B473-A14E29B3F81B}.Release|Any CPU.ActiveCfg = Release|Any CPU
		{7C3C1D63-B030-474F-B473-A14E29B3F81B}.Release|Any CPU.Build.0 = Release|Any CPU
	EndGlobalSection
	GlobalSection(SolutionProperties) = preSolution
		HideSolutionNode = FALSE
	EndGlobalSection
	GlobalSection(ExtensibilityGlobals) = postSolution
		SolutionGuid = {8428FAB1-6AEB-4A42-A4BD-7D7460880238}
	EndGlobalSection
EndGlobal
