
Microsoft Visual Studio Solution File, Format Version 12.00
# Visual Studio Version 17
VisualStudioVersion = 17.6.33829.357
MinimumVisualStudioVersion = 10.0.40219.1
Project("{FAE04EC0-301F-11D3-BF4B-00C04F79EFBC}") = "KitchenLibrary", "KitchenLibrary.csproj", "{B04A8FE1-F606-4E2C-9C3E-DE478D242C71}"
EndProject
Global
	GlobalSection(SolutionConfigurationPlatforms) = preSolution
		Debug|Any CPU = Debug|Any CPU
		Release|Any CPU = Release|Any CPU
	EndGlobalSection
	GlobalSection(ProjectConfigurationPlatforms) = postSolution
		{B04A8FE1-F606-4E2C-9C3E-DE478D242C71}.Debug|Any CPU.ActiveCfg = Debug|Any CPU
		{B04A8FE1-F606-4E2C-9C3E-DE478D242C71}.Debug|Any CPU.Build.0 = Debug|Any CPU
		{B04A8FE1-F606-4E2C-9C3E-DE478D242C71}.Release|Any CPU.ActiveCfg = Release|Any CPU
		{B04A8FE1-F606-4E2C-9C3E-DE478D242C71}.Release|Any CPU.Build.0 = Release|Any CPU
	EndGlobalSection
	GlobalSection(SolutionProperties) = preSolution
		HideSolutionNode = FALSE
	EndGlobalSection
	GlobalSection(ExtensibilityGlobals) = postSolution
		SolutionGuid = {F6034966-CEBE-45AA-B631-C8BBDF57B86F}
	EndGlobalSection
EndGlobal
